
Microsoft Visual Studio Solution File, Format Version 12.00
# Visual Studio 15
VisualStudioVersion = 15.0.28010.2026
MinimumVisualStudioVersion = 10.0.40219.1
Project("{8BC9CEB8-8B4A-11D0-8D11-00A0C91BC942}") = "HW", "HW\HW.vcxproj", "{C36826E5-EFA7-4238-BEC3-876D3D5B9FBB}"
EndProject
Global
	GlobalSection(SolutionConfigurationPlatforms) = preSolution
		Debug|x64 = Debug|x64
		Debug|x86 = Debug|x86
		Release|x64 = Release|x64
		Release|x86 = Release|x86
	EndGlobalSection
	GlobalSection(ProjectConfigurationPlatforms) = postSolution
		{C36826E5-EFA7-4238-BEC3-876D3D5B9FBB}.Debug|x64.ActiveCfg = Debug|x64
		{C36826E5-EFA7-4238-BEC3-876D3D5B9FBB}.Debug|x64.Build.0 = Debug|x64
		{C36826E5-EFA7-4238-BEC3-876D3D5B9FBB}.Debug|x86.ActiveCfg = Debug|Win32
		{C36826E5-EFA7-4238-BEC3-876D3D5B9FBB}.Debug|x86.Build.0 = Debug|Win32
		{C36826E5-EFA7-4238-BEC3-876D3D5B9FBB}.Release|x64.ActiveCfg = Release|x64
		{C36826E5-EFA7-4238-BEC3-876D3D5B9FBB}.Release|x64.Build.0 = Release|x64
		{C36826E5-EFA7-4238-BEC3-876D3D5B9FBB}.Release|x86.ActiveCfg = Release|Win32
		{C36826E5-EFA7-4238-BEC3-876D3D5B9FBB}.Release|x86.Build.0 = Release|Win32
	EndGlobalSection
	GlobalSection(SolutionProperties) = preSolution
		HideSolutionNode = FALSE
	EndGlobalSection
	GlobalSection(ExtensibilityGlobals) = postSolution
		SolutionGuid = {A1825D9A-1916-45FA-9770-458F84402D0D}
	EndGlobalSection
EndGlobal
